
Microsoft Visual Studio Solution File, Format Version 12.00
# Visual Studio Version 16
VisualStudioVersion = 16.0.31729.503
MinimumVisualStudioVersion = 10.0.40219.1
Project("{FAE04EC0-301F-11D3-BF4B-00C04F79EFBC}") = "ApiTest", "ApiTest.csproj", "{91F3E119-F0EF-4A8A-8143-244902821D98}"
EndProject
Global
	GlobalSection(SolutionConfigurationPlatforms) = preSolution
		Debug|Any CPU = Debug|Any CPU
		Release|Any CPU = Release|Any CPU
	EndGlobalSection
	GlobalSection(ProjectConfigurationPlatforms) = postSolution
		{91F3E119-F0EF-4A8A-8143-244902821D98}.Debug|Any CPU.ActiveCfg = Debug|Any CPU
		{91F3E119-F0EF-4A8A-8143-244902821D98}.Debug|Any CPU.Build.0 = Debug|Any CPU
		{91F3E119-F0EF-4A8A-8143-244902821D98}.Release|Any CPU.ActiveCfg = Release|Any CPU
		{91F3E119-F0EF-4A8A-8143-244902821D98}.Release|Any CPU.Build.0 = Release|Any CPU
	EndGlobalSection
	GlobalSection(SolutionProperties) = preSolution
		HideSolutionNode = FALSE
	EndGlobalSection
	GlobalSection(ExtensibilityGlobals) = postSolution
		SolutionGuid = {D1755958-EBC8-47C5-B6E3-383FBF51AB41}
	EndGlobalSection
EndGlobal
